// !$*UTF8*$!
{
	archiveVersion = 1;
	classes = {
	};
	objectVersion = 46;
	objects = {

/* Begin PBXBuildFile section */
		022F1AD440567B97C12690A4 /* ActivityMonitor.swift in Sources */ = {isa = PBXBuildFile; fileRef = 9FB923FAC0A3E4DDAA714E86 /* ActivityMonitor.swift */; };
		0A13F1D1AA4E47DBA6CF696C /* SettingsWindowController.swift in Sources */ = {isa = PBXBuildFile; fileRef = B06E3E512334FA4E32C181CA /* SettingsWindowController.swift */; };
		1186965BE1BAE6DF4297C034 /* WorkspaceContextProvider.swift in Sources */ = {isa = PBXBuildFile; fileRef = 6C8640B9DF952CECDBFCEE97 /* WorkspaceContextProvider.swift */; };
		14C9345FA0ECE27BDCB44EB8 /* SettingsView.swift in Sources */ = {isa = PBXBuildFile; fileRef = 42449A50072E3BF9DEBEEB0C /* SettingsView.swift */; };
		1F41F2C6AD25EE97A8C83476 /* libCore.a in Frameworks */ = {isa = PBXBuildFile; fileRef = 6360722AEE6C9BC89A55843D /* libCore.a */; };
		21168B5EB3106F1F11067D6C /* AppEntry.swift in Sources */ = {isa = PBXBuildFile; fileRef = 1F8D9C270FCF23EDA586B275 /* AppEntry.swift */; };
		2494C7CA3D8C5DC5F385E786 /* AppLaunchConfiguration.swift in Sources */ = {isa = PBXBuildFile; fileRef = C514D1F289BD03794A11E9A6 /* AppLaunchConfiguration.swift */; };
		280D452774CA67BD2126463C /* WellnessReminderEngine.swift in Sources */ = {isa = PBXBuildFile; fileRef = BC9780B721CEB9D3E8024E36 /* WellnessReminderEngine.swift */; };
		2CF99DB43A184987B98C64E9 /* MenuBarLabelView.swift in Sources */ = {isa = PBXBuildFile; fileRef = CD5187D61AA0D2522407CCF3 /* MenuBarLabelView.swift */; };
		3731D7B708CC3E43979F692D /* Models.swift in Sources */ = {isa = PBXBuildFile; fileRef = 7D723801560F9ED8400AE33A /* Models.swift */; };
		491CA24847DD72B02A596121 /* LaunchAtLoginController.swift in Sources */ = {isa = PBXBuildFile; fileRef = DFD269EA809B00DA0C3F138D /* LaunchAtLoginController.swift */; };
		4AC5C887532C9D21487C7B06 /* AppIcon.png in Resources */ = {isa = PBXBuildFile; fileRef = 62CE005C4372FD58F587BE91 /* AppIcon.png */; };
		512216EA008BA375861DFD00 /* UpdateManager.swift in Sources */ = {isa = PBXBuildFile; fileRef = 620252489C968709D1A49FB5 /* UpdateManager.swift */; };
		53A53B1858F502EE9EF083F1 /* BreakOverlayWindowController.swift in Sources */ = {isa = PBXBuildFile; fileRef = 6FEE2B1EE9A2B0710D25A242 /* BreakOverlayWindowController.swift */; };
		638B69FE7E797B51A3D47677 /* BreakScheduler.swift in Sources */ = {isa = PBXBuildFile; fileRef = 5B148EDE2B315E1085CE210E /* BreakScheduler.swift */; };
		79DCF9471E6354DECD423C62 /* StatusMenuView.swift in Sources */ = {isa = PBXBuildFile; fileRef = B8F56B28DBC73E2A9EDC477E /* StatusMenuView.swift */; };
		814D968CBDE77C9C85437A1F /* WellnessPanelController.swift in Sources */ = {isa = PBXBuildFile; fileRef = 72EAE330BD243BC65C62E1CB /* WellnessPanelController.swift */; };
		877A00B46483E584EB0D01DE /* OverlayWindowHelper.swift in Sources */ = {isa = PBXBuildFile; fileRef = 7229331283F54B997A06DDA5 /* OverlayWindowHelper.swift */; };
		91F930FC1157FCF702B2AECD /* SharedStyles.swift in Sources */ = {isa = PBXBuildFile; fileRef = 00A2273B368860928D3BE5E9 /* SharedStyles.swift */; };
		997917EF99EA3AC2DF297E84 /* OnboardingFlowView.swift in Sources */ = {isa = PBXBuildFile; fileRef = E59F7E7D1F92AEACA53D8010 /* OnboardingFlowView.swift */; };
		99C17638CEE2B43E633DCD62 /* AppShellTypes.swift in Sources */ = {isa = PBXBuildFile; fileRef = 7BBD3A4549A29717768681C9 /* AppShellTypes.swift */; };
		A269F9081BB09CC30E72FE65 /* ApplicationDelegate.swift in Sources */ = {isa = PBXBuildFile; fileRef = 478C14700927567E4BFCDAE1 /* ApplicationDelegate.swift */; };
		A35027D9742FF67EB91FCA9A /* AppModel.swift in Sources */ = {isa = PBXBuildFile; fileRef = E58E4DFC2313E9860128677A /* AppModel.swift */; };
		A8E18716E984417CA56EED29 /* Cocoa.framework in Frameworks */ = {isa = PBXBuildFile; fileRef = 4BC844262DDE84D963225CC5 /* Cocoa.framework */; };
		A99AC5E2E10AC7D4E548A838 /* Assets.xcassets in Resources */ = {isa = PBXBuildFile; fileRef = 13566ABA37CA1858B0CBB2FA /* Assets.xcassets */; };
		BD39B7A38D9404C998133552 /* ConfettiSwiftUI in Frameworks */ = {isa = PBXBuildFile; productRef = AD4496E36BBF6D14D6F03386 /* ConfettiSwiftUI */; };
		D1BE61654AD8487463AB2A03 /* TimerPhaseDisplay.swift in Sources */ = {isa = PBXBuildFile; fileRef = B98AD1E9F23E643F8A486315 /* TimerPhaseDisplay.swift */; };
		E1A80A7E728A082901D018FE /* PopoverContentView.swift in Sources */ = {isa = PBXBuildFile; fileRef = 8B1E538CD78BD3E1F77EE07F /* PopoverContentView.swift */; };
		E61E52E5295CB33A2AFA70D0 /* AppWindowCoordinator.swift in Sources */ = {isa = PBXBuildFile; fileRef = 5E2E1FFAE65E1F4803943F2D /* AppWindowCoordinator.swift */; };
		E93F977727D5F30EDF2549EE /* SettingsStore.swift in Sources */ = {isa = PBXBuildFile; fileRef = 8B4884F3F656DD5645D2628A /* SettingsStore.swift */; };
		ECF43C46D9AC048B5003DFE9 /* ContextualEducationEngine.swift in Sources */ = {isa = PBXBuildFile; fileRef = 43B2E076DEB11D71504D91B3 /* ContextualEducationEngine.swift */; };
		F1C1206FD097A1CA69D82DD2 /* BreakOverlayView.swift in Sources */ = {isa = PBXBuildFile; fileRef = C1FA3FB2A7FE8B6F97107788 /* BreakOverlayView.swift */; };
		FD75BB0E118F92F897320B6F /* OnboardingFlowWindowController.swift in Sources */ = {isa = PBXBuildFile; fileRef = 0DC132A4E9DECD3FDDBBF8A5 /* OnboardingFlowWindowController.swift */; };
/* End PBXBuildFile section */

/* Begin PBXContainerItemProxy section */
		A7FE63F60FC5FCE2328CA872 /* PBXContainerItemProxy */ = {
			isa = PBXContainerItemProxy;
			containerPortal = 1C59B99352793969A12DEEEE /* Project object */;
			proxyType = 1;
			remoteGlobalIDString = 17F404CB88D877BEB6DD7A17;
			remoteInfo = Core;
		};
/* End PBXContainerItemProxy section */

/* Begin PBXFileReference section */
		00A2273B368860928D3BE5E9 /* SharedStyles.swift */ = {isa = PBXFileReference; includeInIndex = 1; lastKnownFileType = sourcecode.swift; path = SharedStyles.swift; sourceTree = "<group>"; };
		05121BFCBA2B320786D85A0C /* Info.plist */ = {isa = PBXFileReference; includeInIndex = 1; lastKnownFileType = text.plist.xml; path = Info.plist; sourceTree = "<group>"; };
		0DC132A4E9DECD3FDDBBF8A5 /* OnboardingFlowWindowController.swift */ = {isa = PBXFileReference; includeInIndex = 1; lastKnownFileType = sourcecode.swift; path = OnboardingFlowWindowController.swift; sourceTree = "<group>"; };
		13566ABA37CA1858B0CBB2FA /* Assets.xcassets */ = {isa = PBXFileReference; includeInIndex = 1; lastKnownFileType = folder.assetcatalog; path = Assets.xcassets; sourceTree = "<group>"; };
		1F8D9C270FCF23EDA586B275 /* AppEntry.swift */ = {isa = PBXFileReference; includeInIndex = 1; lastKnownFileType = sourcecode.swift; path = AppEntry.swift; sourceTree = "<group>"; };
		42449A50072E3BF9DEBEEB0C /* SettingsView.swift */ = {isa = PBXFileReference; includeInIndex = 1; lastKnownFileType = sourcecode.swift; path = SettingsView.swift; sourceTree = "<group>"; };
		43B2E076DEB11D71504D91B3 /* ContextualEducationEngine.swift */ = {isa = PBXFileReference; includeInIndex = 1; lastKnownFileType = sourcecode.swift; path = ContextualEducationEngine.swift; sourceTree = "<group>"; };
		478C14700927567E4BFCDAE1 /* ApplicationDelegate.swift */ = {isa = PBXFileReference; includeInIndex = 1; lastKnownFileType = sourcecode.swift; path = ApplicationDelegate.swift; sourceTree = "<group>"; };
		4BC844262DDE84D963225CC5 /* Cocoa.framework */ = {isa = PBXFileReference; lastKnownFileType = wrapper.framework; name = Cocoa.framework; path = Platforms/MacOSX.platform/Developer/SDKs/MacOSX15.0.sdk/System/Library/Frameworks/Cocoa.framework; sourceTree = DEVELOPER_DIR; };
		5B148EDE2B315E1085CE210E /* BreakScheduler.swift */ = {isa = PBXFileReference; includeInIndex = 1; lastKnownFileType = sourcecode.swift; path = BreakScheduler.swift; sourceTree = "<group>"; };
		5E2E1FFAE65E1F4803943F2D /* AppWindowCoordinator.swift */ = {isa = PBXFileReference; includeInIndex = 1; lastKnownFileType = sourcecode.swift; path = AppWindowCoordinator.swift; sourceTree = "<group>"; };
		620252489C968709D1A49FB5 /* UpdateManager.swift */ = {isa = PBXFileReference; includeInIndex = 1; lastKnownFileType = sourcecode.swift; path = UpdateManager.swift; sourceTree = "<group>"; };
		62CE005C4372FD58F587BE91 /* AppIcon.png */ = {isa = PBXFileReference; includeInIndex = 1; lastKnownFileType = image.png; path = AppIcon.png; sourceTree = "<group>"; };
		6360722AEE6C9BC89A55843D /* libCore.a */ = {isa = PBXFileReference; explicitFileType = archive.ar; includeInIndex = 0; path = libCore.a; sourceTree = BUILT_PRODUCTS_DIR; };
		6C8640B9DF952CECDBFCEE97 /* WorkspaceContextProvider.swift */ = {isa = PBXFileReference; includeInIndex = 1; lastKnownFileType = sourcecode.swift; path = WorkspaceContextProvider.swift; sourceTree = "<group>"; };
		6FEE2B1EE9A2B0710D25A242 /* BreakOverlayWindowController.swift */ = {isa = PBXFileReference; includeInIndex = 1; lastKnownFileType = sourcecode.swift; path = BreakOverlayWindowController.swift; sourceTree = "<group>"; };
		7229331283F54B997A06DDA5 /* OverlayWindowHelper.swift */ = {isa = PBXFileReference; includeInIndex = 1; lastKnownFileType = sourcecode.swift; path = OverlayWindowHelper.swift; sourceTree = "<group>"; };
		72EAE330BD243BC65C62E1CB /* WellnessPanelController.swift */ = {isa = PBXFileReference; includeInIndex = 1; lastKnownFileType = sourcecode.swift; path = WellnessPanelController.swift; sourceTree = "<group>"; };
		7BBD3A4549A29717768681C9 /* AppShellTypes.swift */ = {isa = PBXFileReference; includeInIndex = 1; lastKnownFileType = sourcecode.swift; path = AppShellTypes.swift; sourceTree = "<group>"; };
		7D723801560F9ED8400AE33A /* Models.swift */ = {isa = PBXFileReference; includeInIndex = 1; lastKnownFileType = sourcecode.swift; path = Models.swift; sourceTree = "<group>"; };
		801CDDCD8B609D806081A55F /* generate-xcodeproj.rb */ = {isa = PBXFileReference; includeInIndex = 1; path = "generate-xcodeproj.rb"; sourceTree = "<group>"; };
		8B1E538CD78BD3E1F77EE07F /* PopoverContentView.swift */ = {isa = PBXFileReference; includeInIndex = 1; lastKnownFileType = sourcecode.swift; path = PopoverContentView.swift; sourceTree = "<group>"; };
		8B4884F3F656DD5645D2628A /* SettingsStore.swift */ = {isa = PBXFileReference; includeInIndex = 1; lastKnownFileType = sourcecode.swift; path = SettingsStore.swift; sourceTree = "<group>"; };
		90367A5D400FC37118445FB6 /* generate-app-icons.sh */ = {isa = PBXFileReference; includeInIndex = 1; lastKnownFileType = text.script.sh; path = "generate-app-icons.sh"; sourceTree = "<group>"; };
		92B428A11561075416C51179 /* knook.rb */ = {isa = PBXFileReference; includeInIndex = 1; path = knook.rb; sourceTree = "<group>"; };
		9FB923FAC0A3E4DDAA714E86 /* ActivityMonitor.swift */ = {isa = PBXFileReference; includeInIndex = 1; lastKnownFileType = sourcecode.swift; path = ActivityMonitor.swift; sourceTree = "<group>"; };
		B06E3E512334FA4E32C181CA /* SettingsWindowController.swift */ = {isa = PBXFileReference; includeInIndex = 1; lastKnownFileType = sourcecode.swift; path = SettingsWindowController.swift; sourceTree = "<group>"; };
		B30FEEC251F90DFDCD9AF53C /* README.md */ = {isa = PBXFileReference; includeInIndex = 1; path = README.md; sourceTree = "<group>"; };
		B8F56B28DBC73E2A9EDC477E /* StatusMenuView.swift */ = {isa = PBXFileReference; includeInIndex = 1; lastKnownFileType = sourcecode.swift; path = StatusMenuView.swift; sourceTree = "<group>"; };
		B98AD1E9F23E643F8A486315 /* TimerPhaseDisplay.swift */ = {isa = PBXFileReference; includeInIndex = 1; lastKnownFileType = sourcecode.swift; path = TimerPhaseDisplay.swift; sourceTree = "<group>"; };
		BC9780B721CEB9D3E8024E36 /* WellnessReminderEngine.swift */ = {isa = PBXFileReference; includeInIndex = 1; lastKnownFileType = sourcecode.swift; path = WellnessReminderEngine.swift; sourceTree = "<group>"; };
		C1FA3FB2A7FE8B6F97107788 /* BreakOverlayView.swift */ = {isa = PBXFileReference; includeInIndex = 1; lastKnownFileType = sourcecode.swift; path = BreakOverlayView.swift; sourceTree = "<group>"; };
		C514D1F289BD03794A11E9A6 /* AppLaunchConfiguration.swift */ = {isa = PBXFileReference; includeInIndex = 1; lastKnownFileType = sourcecode.swift; path = AppLaunchConfiguration.swift; sourceTree = "<group>"; };
		CCC02E1115B3D7B86EA3D8DE /* ExportOptions.plist */ = {isa = PBXFileReference; includeInIndex = 1; lastKnownFileType = text.plist.xml; path = ExportOptions.plist; sourceTree = "<group>"; };
		CD5187D61AA0D2522407CCF3 /* MenuBarLabelView.swift */ = {isa = PBXFileReference; includeInIndex = 1; lastKnownFileType = sourcecode.swift; path = MenuBarLabelView.swift; sourceTree = "<group>"; };
		DCB4F0568CB6577E9CE0D12F /* knook.app */ = {isa = PBXFileReference; explicitFileType = wrapper.application; includeInIndex = 0; path = knook.app; sourceTree = BUILT_PRODUCTS_DIR; };
		DFD269EA809B00DA0C3F138D /* LaunchAtLoginController.swift */ = {isa = PBXFileReference; includeInIndex = 1; lastKnownFileType = sourcecode.swift; path = LaunchAtLoginController.swift; sourceTree = "<group>"; };
		E58E4DFC2313E9860128677A /* AppModel.swift */ = {isa = PBXFileReference; includeInIndex = 1; lastKnownFileType = sourcecode.swift; path = AppModel.swift; sourceTree = "<group>"; };
		E59F7E7D1F92AEACA53D8010 /* OnboardingFlowView.swift */ = {isa = PBXFileReference; includeInIndex = 1; lastKnownFileType = sourcecode.swift; path = OnboardingFlowView.swift; sourceTree = "<group>"; };
		E7DB6DC403694554A5073978 /* create-dmg.sh */ = {isa = PBXFileReference; includeInIndex = 1; lastKnownFileType = text.script.sh; path = "create-dmg.sh"; sourceTree = "<group>"; };
		F1270DBCF564D26274FB62AB /* release.sh */ = {isa = PBXFileReference; includeInIndex = 1; lastKnownFileType = text.script.sh; path = release.sh; sourceTree = "<group>"; };
/* End PBXFileReference section */

/* Begin PBXFrameworksBuildPhase section */
		36DA25B05F7FFA7DE02AE36A /* Frameworks */ = {
			isa = PBXFrameworksBuildPhase;
			buildActionMask = 2147483647;
			files = (
				A8E18716E984417CA56EED29 /* Cocoa.framework in Frameworks */,
				BD39B7A38D9404C998133552 /* ConfettiSwiftUI in Frameworks */,
				1F41F2C6AD25EE97A8C83476 /* libCore.a in Frameworks */,
			);
			runOnlyForDeploymentPostprocessing = 0;
		};
		BFEFAF910A54BA13D79B3001 /* Frameworks */ = {
			isa = PBXFrameworksBuildPhase;
			buildActionMask = 2147483647;
			files = (
			);
			runOnlyForDeploymentPostprocessing = 0;
		};
/* End PBXFrameworksBuildPhase section */

/* Begin PBXGroup section */
		0A8701E1A2CAF038D4FC5E39 /* Resources */ = {
			isa = PBXGroup;
			children = (
				62CE005C4372FD58F587BE91 /* AppIcon.png */,
				13566ABA37CA1858B0CBB2FA /* Assets.xcassets */,
			);
			name = Resources;
			path = Resources;
			sourceTree = "<group>";
		};
		10D14181EA42A3673147B703 /* OS X */ = {
			isa = PBXGroup;
			children = (
				4BC844262DDE84D963225CC5 /* Cocoa.framework */,
			);
			name = "OS X";
			sourceTree = "<group>";
		};
		1F83AE8B38FBBEDED9A10EBE /* Casks */ = {
			isa = PBXGroup;
			children = (
				92B428A11561075416C51179 /* knook.rb */,
			);
			name = Casks;
			path = Casks;
			sourceTree = "<group>";
		};
		2DAC7CDA0404D9FE76DF4958 /* Sources */ = {
			isa = PBXGroup;
			children = (
				9EE8C06BF4D2BB8E5574432A /* AppShell */,
				4A48580DD2FC436F666FC706 /* Core */,
			);
			name = Sources;
			path = Sources;
			sourceTree = SOURCE_ROOT;
		};
		36B2D28A6C735FB8C3FB598D /* packaging */ = {
			isa = PBXGroup;
			children = (
				38D5461D56B09064C68CF1CC /* homebrew */,
				B1186ED965262A85298C0A78 /* macos */,
			);
			name = packaging;
			path = packaging;
			sourceTree = SOURCE_ROOT;
		};
		38D5461D56B09064C68CF1CC /* homebrew */ = {
			isa = PBXGroup;
			children = (
				1F83AE8B38FBBEDED9A10EBE /* Casks */,
				B30FEEC251F90DFDCD9AF53C /* README.md */,
			);
			name = homebrew;
			path = homebrew;
			sourceTree = "<group>";
		};
		4A48580DD2FC436F666FC706 /* Core */ = {
			isa = PBXGroup;
			children = (
				9FB923FAC0A3E4DDAA714E86 /* ActivityMonitor.swift */,
				5B148EDE2B315E1085CE210E /* BreakScheduler.swift */,
				43B2E076DEB11D71504D91B3 /* ContextualEducationEngine.swift */,
				DFD269EA809B00DA0C3F138D /* LaunchAtLoginController.swift */,
				7D723801560F9ED8400AE33A /* Models.swift */,
				8B4884F3F656DD5645D2628A /* SettingsStore.swift */,
				BC9780B721CEB9D3E8024E36 /* WellnessReminderEngine.swift */,
				6C8640B9DF952CECDBFCEE97 /* WorkspaceContextProvider.swift */,
			);
			name = Core;
			path = Core;
			sourceTree = "<group>";
		};
		9EE8C06BF4D2BB8E5574432A /* AppShell */ = {
			isa = PBXGroup;
			children = (
				1F8D9C270FCF23EDA586B275 /* AppEntry.swift */,
				C514D1F289BD03794A11E9A6 /* AppLaunchConfiguration.swift */,
				478C14700927567E4BFCDAE1 /* ApplicationDelegate.swift */,
				E58E4DFC2313E9860128677A /* AppModel.swift */,
				7BBD3A4549A29717768681C9 /* AppShellTypes.swift */,
				5E2E1FFAE65E1F4803943F2D /* AppWindowCoordinator.swift */,
				C1FA3FB2A7FE8B6F97107788 /* BreakOverlayView.swift */,
				6FEE2B1EE9A2B0710D25A242 /* BreakOverlayWindowController.swift */,
				CD5187D61AA0D2522407CCF3 /* MenuBarLabelView.swift */,
				E59F7E7D1F92AEACA53D8010 /* OnboardingFlowView.swift */,
				0DC132A4E9DECD3FDDBBF8A5 /* OnboardingFlowWindowController.swift */,
				7229331283F54B997A06DDA5 /* OverlayWindowHelper.swift */,
				8B1E538CD78BD3E1F77EE07F /* PopoverContentView.swift */,
				0A8701E1A2CAF038D4FC5E39 /* Resources */,
				42449A50072E3BF9DEBEEB0C /* SettingsView.swift */,
				B06E3E512334FA4E32C181CA /* SettingsWindowController.swift */,
				00A2273B368860928D3BE5E9 /* SharedStyles.swift */,
				B8F56B28DBC73E2A9EDC477E /* StatusMenuView.swift */,
				B98AD1E9F23E643F8A486315 /* TimerPhaseDisplay.swift */,
				620252489C968709D1A49FB5 /* UpdateManager.swift */,
				72EAE330BD243BC65C62E1CB /* WellnessPanelController.swift */,
			);
			name = AppShell;
			path = AppShell;
			sourceTree = "<group>";
		};
		B1186ED965262A85298C0A78 /* macos */ = {
			isa = PBXGroup;
			children = (
				E7DB6DC403694554A5073978 /* create-dmg.sh */,
				CCC02E1115B3D7B86EA3D8DE /* ExportOptions.plist */,
				90367A5D400FC37118445FB6 /* generate-app-icons.sh */,
				801CDDCD8B609D806081A55F /* generate-xcodeproj.rb */,
				05121BFCBA2B320786D85A0C /* Info.plist */,
				F1270DBCF564D26274FB62AB /* release.sh */,
			);
			name = macos;
			path = macos;
			sourceTree = "<group>";
		};
		B91DF745038A04994108B7B3 /* Frameworks */ = {
			isa = PBXGroup;
			children = (
				10D14181EA42A3673147B703 /* OS X */,
			);
			name = Frameworks;
			sourceTree = "<group>";
		};
		C2CFC41C3F72861333B5DA6F /* Products */ = {
			isa = PBXGroup;
			children = (
				DCB4F0568CB6577E9CE0D12F /* knook.app */,
				6360722AEE6C9BC89A55843D /* libCore.a */,
			);
			name = Products;
			sourceTree = "<group>";
		};
		CD934A2091B83A96F14321B5 = {
			isa = PBXGroup;
			children = (
				B91DF745038A04994108B7B3 /* Frameworks */,
				36B2D28A6C735FB8C3FB598D /* packaging */,
				C2CFC41C3F72861333B5DA6F /* Products */,
				2DAC7CDA0404D9FE76DF4958 /* Sources */,
			);
			sourceTree = "<group>";
		};
/* End PBXGroup section */

/* Begin PBXHeadersBuildPhase section */
		B47988FC1D52C042E9ACF98B /* Headers */ = {
			isa = PBXHeadersBuildPhase;
			buildActionMask = 2147483647;
			files = (
			);
			runOnlyForDeploymentPostprocessing = 0;
		};
/* End PBXHeadersBuildPhase section */

/* Begin PBXNativeTarget section */
		17F404CB88D877BEB6DD7A17 /* Core */ = {
			isa = PBXNativeTarget;
			buildConfigurationList = 1E042316D892C4525D4C61AA /* Build configuration list for PBXNativeTarget "Core" */;
			buildPhases = (
				B47988FC1D52C042E9ACF98B /* Headers */,
				18CC16A4B77266191F059FEC /* Sources */,
				BFEFAF910A54BA13D79B3001 /* Frameworks */,
			);
			buildRules = (
			);
			dependencies = (
			);
			name = Core;
			productName = Core;
			productReference = 6360722AEE6C9BC89A55843D /* libCore.a */;
			productType = "com.apple.product-type.library.static";
		};
		FDBD0324E0B18AE1C74EDA77 /* knook */ = {
			isa = PBXNativeTarget;
			buildConfigurationList = E7599E700E2B4834D72F429E /* Build configuration list for PBXNativeTarget "knook" */;
			buildPhases = (
				5AE719B68212760D9CE76B1B /* Sources */,
				36DA25B05F7FFA7DE02AE36A /* Frameworks */,
				E96996466FDB3A62DE8DD155 /* Resources */,
			);
			buildRules = (
			);
			dependencies = (
				E1D7FD3FA84A60FB47BF044B /* PBXTargetDependency */,
			);
			name = knook;
			packageProductDependencies = (
				AD4496E36BBF6D14D6F03386 /* ConfettiSwiftUI */,
			);
			productName = knook;
			productReference = DCB4F0568CB6577E9CE0D12F /* knook.app */;
			productType = "com.apple.product-type.application";
		};
/* End PBXNativeTarget section */

/* Begin PBXProject section */
		1C59B99352793969A12DEEEE /* Project object */ = {
			isa = PBXProject;
			attributes = {
				LastSwiftUpdateCheck = 1600;
				LastUpgradeCheck = 1600;
			};
			buildConfigurationList = 3EF5AA4045BF033A8432805D /* Build configuration list for PBXProject "knook" */;
			compatibilityVersion = "Xcode 3.2";
			developmentRegion = en;
			hasScannedForEncodings = 0;
			knownRegions = (
				en,
				Base,
			);
			mainGroup = CD934A2091B83A96F14321B5;
			minimizedProjectReferenceProxies = 0;
			packageReferences = (
				355FA84546BD26482770142A /* XCRemoteSwiftPackageReference "ConfettiSwiftUI" */,
			);
			preferredProjectObjectVersion = 77;
			productRefGroup = C2CFC41C3F72861333B5DA6F /* Products */;
			projectDirPath = "";
			projectRoot = "";
			targets = (
				17F404CB88D877BEB6DD7A17 /* Core */,
				FDBD0324E0B18AE1C74EDA77 /* knook */,
			);
		};
/* End PBXProject section */

/* Begin PBXResourcesBuildPhase section */
		E96996466FDB3A62DE8DD155 /* Resources */ = {
			isa = PBXResourcesBuildPhase;
			buildActionMask = 2147483647;
			files = (
				4AC5C887532C9D21487C7B06 /* AppIcon.png in Resources */,
				A99AC5E2E10AC7D4E548A838 /* Assets.xcassets in Resources */,
			);
			runOnlyForDeploymentPostprocessing = 0;
		};
/* End PBXResourcesBuildPhase section */

/* Begin PBXSourcesBuildPhase section */
		18CC16A4B77266191F059FEC /* Sources */ = {
			isa = PBXSourcesBuildPhase;
			buildActionMask = 2147483647;
			files = (
				022F1AD440567B97C12690A4 /* ActivityMonitor.swift in Sources */,
				638B69FE7E797B51A3D47677 /* BreakScheduler.swift in Sources */,
				ECF43C46D9AC048B5003DFE9 /* ContextualEducationEngine.swift in Sources */,
				491CA24847DD72B02A596121 /* LaunchAtLoginController.swift in Sources */,
				3731D7B708CC3E43979F692D /* Models.swift in Sources */,
				E93F977727D5F30EDF2549EE /* SettingsStore.swift in Sources */,
				280D452774CA67BD2126463C /* WellnessReminderEngine.swift in Sources */,
				1186965BE1BAE6DF4297C034 /* WorkspaceContextProvider.swift in Sources */,
			);
			runOnlyForDeploymentPostprocessing = 0;
		};
		5AE719B68212760D9CE76B1B /* Sources */ = {
			isa = PBXSourcesBuildPhase;
			buildActionMask = 2147483647;
			files = (
				21168B5EB3106F1F11067D6C /* AppEntry.swift in Sources */,
				2494C7CA3D8C5DC5F385E786 /* AppLaunchConfiguration.swift in Sources */,
				A269F9081BB09CC30E72FE65 /* ApplicationDelegate.swift in Sources */,
				A35027D9742FF67EB91FCA9A /* AppModel.swift in Sources */,
				99C17638CEE2B43E633DCD62 /* AppShellTypes.swift in Sources */,
				E61E52E5295CB33A2AFA70D0 /* AppWindowCoordinator.swift in Sources */,
				F1C1206FD097A1CA69D82DD2 /* BreakOverlayView.swift in Sources */,
				53A53B1858F502EE9EF083F1 /* BreakOverlayWindowController.swift in Sources */,
				2CF99DB43A184987B98C64E9 /* MenuBarLabelView.swift in Sources */,
				997917EF99EA3AC2DF297E84 /* OnboardingFlowView.swift in Sources */,
				FD75BB0E118F92F897320B6F /* OnboardingFlowWindowController.swift in Sources */,
				877A00B46483E584EB0D01DE /* OverlayWindowHelper.swift in Sources */,
				E1A80A7E728A082901D018FE /* PopoverContentView.swift in Sources */,
				14C9345FA0ECE27BDCB44EB8 /* SettingsView.swift in Sources */,
				0A13F1D1AA4E47DBA6CF696C /* SettingsWindowController.swift in Sources */,
				91F930FC1157FCF702B2AECD /* SharedStyles.swift in Sources */,
				79DCF9471E6354DECD423C62 /* StatusMenuView.swift in Sources */,
				D1BE61654AD8487463AB2A03 /* TimerPhaseDisplay.swift in Sources */,
				512216EA008BA375861DFD00 /* UpdateManager.swift in Sources */,
				814D968CBDE77C9C85437A1F /* WellnessPanelController.swift in Sources */,
			);
			runOnlyForDeploymentPostprocessing = 0;
		};
/* End PBXSourcesBuildPhase section */

/* Begin PBXTargetDependency section */
		E1D7FD3FA84A60FB47BF044B /* PBXTargetDependency */ = {
			isa = PBXTargetDependency;
			name = Core;
			target = 17F404CB88D877BEB6DD7A17 /* Core */;
			targetProxy = A7FE63F60FC5FCE2328CA872 /* PBXContainerItemProxy */;
		};
/* End PBXTargetDependency section */

/* Begin XCBuildConfiguration section */
		13812902AA41717F4DFDCF6F /* Debug */ = {
			isa = XCBuildConfiguration;
			buildSettings = {
				ALWAYS_SEARCH_USER_PATHS = NO;
				CLANG_ANALYZER_NONNULL = YES;
				CLANG_ANALYZER_NUMBER_OBJECT_CONVERSION = YES_AGGRESSIVE;
				CLANG_CXX_LANGUAGE_STANDARD = "gnu++14";
				CLANG_CXX_LIBRARY = "libc++";
				CLANG_ENABLE_MODULES = YES;
				CLANG_ENABLE_OBJC_ARC = YES;
				CLANG_ENABLE_OBJC_WEAK = YES;
				CLANG_WARN_BLOCK_CAPTURE_AUTORELEASING = YES;
				CLANG_WARN_BOOL_CONVERSION = YES;
				CLANG_WARN_COMMA = YES;
				CLANG_WARN_CONSTANT_CONVERSION = YES;
				CLANG_WARN_DEPRECATED_OBJC_IMPLEMENTATIONS = YES;
				CLANG_WARN_DIRECT_OBJC_ISA_USAGE = YES_ERROR;
				CLANG_WARN_DOCUMENTATION_COMMENTS = YES;
				CLANG_WARN_EMPTY_BODY = YES;
				CLANG_WARN_ENUM_CONVERSION = YES;
				CLANG_WARN_INFINITE_RECURSION = YES;
				CLANG_WARN_INT_CONVERSION = YES;
				CLANG_WARN_NON_LITERAL_NULL_CONVERSION = YES;
				CLANG_WARN_OBJC_IMPLICIT_RETAIN_SELF = YES;
				CLANG_WARN_OBJC_LITERAL_CONVERSION = YES;
				CLANG_WARN_OBJC_ROOT_CLASS = YES_ERROR;
				CLANG_WARN_QUOTED_INCLUDE_IN_FRAMEWORK_HEADER = YES;
				CLANG_WARN_RANGE_LOOP_ANALYSIS = YES;
				CLANG_WARN_STRICT_PROTOTYPES = YES;
				CLANG_WARN_SUSPICIOUS_MOVE = YES;
				CLANG_WARN_UNGUARDED_AVAILABILITY = YES_AGGRESSIVE;
				CLANG_WARN_UNREACHABLE_CODE = YES;
				CLANG_WARN__DUPLICATE_METHOD_MATCH = YES;
				COPY_PHASE_STRIP = NO;
				DEBUG_INFORMATION_FORMAT = dwarf;
				ENABLE_STRICT_OBJC_MSGSEND = YES;
				ENABLE_TESTABILITY = YES;
				GCC_C_LANGUAGE_STANDARD = gnu11;
				GCC_DYNAMIC_NO_PIC = NO;
				GCC_NO_COMMON_BLOCKS = YES;
				GCC_OPTIMIZATION_LEVEL = 0;
				GCC_PREPROCESSOR_DEFINITIONS = (
					"DEBUG=1",
					"$(inherited)",
				);
				GCC_WARN_64_TO_32_BIT_CONVERSION = YES;
				GCC_WARN_ABOUT_RETURN_TYPE = YES_ERROR;
				GCC_WARN_UNDECLARED_SELECTOR = YES;
				GCC_WARN_UNINITIALIZED_AUTOS = YES_AGGRESSIVE;
				GCC_WARN_UNUSED_FUNCTION = YES;
				GCC_WARN_UNUSED_VARIABLE = YES;
				MACOSX_DEPLOYMENT_TARGET = 13.0;
				MTL_ENABLE_DEBUG_INFO = INCLUDE_SOURCE;
				MTL_FAST_MATH = YES;
				ONLY_ACTIVE_ARCH = YES;
				PRODUCT_NAME = "$(TARGET_NAME)";
				SDKROOT = macosx;
				SWIFT_ACTIVE_COMPILATION_CONDITIONS = DEBUG;
				SWIFT_OPTIMIZATION_LEVEL = "-Onone";
				SWIFT_VERSION = 6.0;
			};
			name = Debug;
		};
		1662F50102D4C27A48903B56 /* Debug */ = {
			isa = XCBuildConfiguration;
			buildSettings = {
				ASSETCATALOG_COMPILER_APPICON_NAME = AppIcon;
				ASSETCATALOG_COMPILER_GLOBAL_ACCENT_COLOR_NAME = AccentColor;
				"CODE_SIGN_IDENTITY[sdk=macosx*]" = "Developer ID Application";
				CODE_SIGN_STYLE = Automatic;
				COMBINE_HIDPI_IMAGES = YES;
				CURRENT_PROJECT_VERSION = 1;
				DEVELOPMENT_TEAM = "";
				ENABLE_HARDENED_RUNTIME = YES;
				GENERATE_INFOPLIST_FILE = NO;
				INFOPLIST_FILE = packaging/macos/Info.plist;
				LD_RUNPATH_SEARCH_PATHS = "$(inherited) @executable_path/../Frameworks";
				MACOSX_DEPLOYMENT_TARGET = 13.0;
				MARKETING_VERSION = 0.1.7;
				PRODUCT_BUNDLE_IDENTIFIER = io.github.preetsuthar17.knook;
				PRODUCT_NAME = knook;
				SDKROOT = macosx;
				SWIFT_EMIT_LOC_STRINGS = YES;
				SWIFT_VERSION = 6.0;
			};
			name = Debug;
		};
		2D74716AD4A3095FE55AE4B4 /* Debug */ = {
			isa = XCBuildConfiguration;
			buildSettings = {
				DEFINES_MODULE = YES;
				EXECUTABLE_PREFIX = lib;
				MACH_O_TYPE = staticlib;
				MACOSX_DEPLOYMENT_TARGET = 13.0;
				PRODUCT_NAME = Core;
				SDKROOT = macosx;
				SKIP_INSTALL = YES;
				SWIFT_VERSION = 6.0;
			};
			name = Debug;
		};
		56FC48F7A37C8DD8D2FD7BDB /* Release */ = {
			isa = XCBuildConfiguration;
			buildSettings = {
				ALWAYS_SEARCH_USER_PATHS = NO;
				CLANG_ANALYZER_NONNULL = YES;
				CLANG_ANALYZER_NUMBER_OBJECT_CONVERSION = YES_AGGRESSIVE;
				CLANG_CXX_LANGUAGE_STANDARD = "gnu++14";
				CLANG_CXX_LIBRARY = "libc++";
				CLANG_ENABLE_MODULES = YES;
				CLANG_ENABLE_OBJC_ARC = YES;
				CLANG_ENABLE_OBJC_WEAK = YES;
				CLANG_WARN_BLOCK_CAPTURE_AUTORELEASING = YES;
				CLANG_WARN_BOOL_CONVERSION = YES;
				CLANG_WARN_COMMA = YES;
				CLANG_WARN_CONSTANT_CONVERSION = YES;
				CLANG_WARN_DEPRECATED_OBJC_IMPLEMENTATIONS = YES;
				CLANG_WARN_DIRECT_OBJC_ISA_USAGE = YES_ERROR;
				CLANG_WARN_DOCUMENTATION_COMMENTS = YES;
				CLANG_WARN_EMPTY_BODY = YES;
				CLANG_WARN_ENUM_CONVERSION = YES;
				CLANG_WARN_INFINITE_RECURSION = YES;
				CLANG_WARN_INT_CONVERSION = YES;
				CLANG_WARN_NON_LITERAL_NULL_CONVERSION = YES;
				CLANG_WARN_OBJC_IMPLICIT_RETAIN_SELF = YES;
				CLANG_WARN_OBJC_LITERAL_CONVERSION = YES;
				CLANG_WARN_OBJC_ROOT_CLASS = YES_ERROR;
				CLANG_WARN_QUOTED_INCLUDE_IN_FRAMEWORK_HEADER = YES;
				CLANG_WARN_RANGE_LOOP_ANALYSIS = YES;
				CLANG_WARN_STRICT_PROTOTYPES = YES;
				CLANG_WARN_SUSPICIOUS_MOVE = YES;
				CLANG_WARN_UNGUARDED_AVAILABILITY = YES_AGGRESSIVE;
				CLANG_WARN_UNREACHABLE_CODE = YES;
				CLANG_WARN__DUPLICATE_METHOD_MATCH = YES;
				COPY_PHASE_STRIP = NO;
				DEBUG_INFORMATION_FORMAT = "dwarf-with-dsym";
				ENABLE_NS_ASSERTIONS = NO;
				ENABLE_STRICT_OBJC_MSGSEND = YES;
				GCC_C_LANGUAGE_STANDARD = gnu11;
				GCC_NO_COMMON_BLOCKS = YES;
				GCC_WARN_64_TO_32_BIT_CONVERSION = YES;
				GCC_WARN_ABOUT_RETURN_TYPE = YES_ERROR;
				GCC_WARN_UNDECLARED_SELECTOR = YES;
				GCC_WARN_UNINITIALIZED_AUTOS = YES_AGGRESSIVE;
				GCC_WARN_UNUSED_FUNCTION = YES;
				GCC_WARN_UNUSED_VARIABLE = YES;
				MACOSX_DEPLOYMENT_TARGET = 13.0;
				MTL_ENABLE_DEBUG_INFO = NO;
				MTL_FAST_MATH = YES;
				PRODUCT_NAME = "$(TARGET_NAME)";
				SDKROOT = macosx;
				SWIFT_COMPILATION_MODE = wholemodule;
				SWIFT_OPTIMIZATION_LEVEL = "-O";
				SWIFT_VERSION = 6.0;
			};
			name = Release;
		};
		8F24A6737ED4B02E55405F33 /* Release */ = {
			isa = XCBuildConfiguration;
			buildSettings = {
				ASSETCATALOG_COMPILER_APPICON_NAME = AppIcon;
				ASSETCATALOG_COMPILER_GLOBAL_ACCENT_COLOR_NAME = AccentColor;
				"CODE_SIGN_IDENTITY[sdk=macosx*]" = "Developer ID Application";
				CODE_SIGN_STYLE = Automatic;
				COMBINE_HIDPI_IMAGES = YES;
				CURRENT_PROJECT_VERSION = 1;
				DEVELOPMENT_TEAM = "";
				ENABLE_HARDENED_RUNTIME = YES;
				GENERATE_INFOPLIST_FILE = NO;
				INFOPLIST_FILE = packaging/macos/Info.plist;
				LD_RUNPATH_SEARCH_PATHS = "$(inherited) @executable_path/../Frameworks";
				MACOSX_DEPLOYMENT_TARGET = 13.0;
				MARKETING_VERSION = 0.1.7;
				PRODUCT_BUNDLE_IDENTIFIER = io.github.preetsuthar17.knook;
				PRODUCT_NAME = knook;
				SDKROOT = macosx;
				SWIFT_EMIT_LOC_STRINGS = YES;
				SWIFT_VERSION = 6.0;
			};
			name = Release;
		};
		E21F5659B33BA9C38196A44D /* Release */ = {
			isa = XCBuildConfiguration;
			buildSettings = {
				DEFINES_MODULE = YES;
				EXECUTABLE_PREFIX = lib;
				MACH_O_TYPE = staticlib;
				MACOSX_DEPLOYMENT_TARGET = 13.0;
				PRODUCT_NAME = Core;
				SDKROOT = macosx;
				SKIP_INSTALL = YES;
				SWIFT_VERSION = 6.0;
			};
			name = Release;
		};
/* End XCBuildConfiguration section */

/* Begin XCConfigurationList section */
		1E042316D892C4525D4C61AA /* Build configuration list for PBXNativeTarget "Core" */ = {
			isa = XCConfigurationList;
			buildConfigurations = (
				2D74716AD4A3095FE55AE4B4 /* Debug */,
				E21F5659B33BA9C38196A44D /* Release */,
			);
			defaultConfigurationIsVisible = 0;
			defaultConfigurationName = Release;
		};
		3EF5AA4045BF033A8432805D /* Build configuration list for PBXProject "knook" */ = {
			isa = XCConfigurationList;
			buildConfigurations = (
				13812902AA41717F4DFDCF6F /* Debug */,
				56FC48F7A37C8DD8D2FD7BDB /* Release */,
			);
			defaultConfigurationIsVisible = 0;
			defaultConfigurationName = Release;
		};
		E7599E700E2B4834D72F429E /* Build configuration list for PBXNativeTarget "knook" */ = {
			isa = XCConfigurationList;
			buildConfigurations = (
				1662F50102D4C27A48903B56 /* Debug */,
				8F24A6737ED4B02E55405F33 /* Release */,
			);
			defaultConfigurationIsVisible = 0;
			defaultConfigurationName = Release;
		};
/* End XCConfigurationList section */

/* Begin XCRemoteSwiftPackageReference section */
		355FA84546BD26482770142A /* XCRemoteSwiftPackageReference "ConfettiSwiftUI" */ = {
			isa = XCRemoteSwiftPackageReference;
			repositoryURL = "https://github.com/simibac/ConfettiSwiftUI.git";
			requirement = {
				kind = upToNextMajorVersion;
				minimumVersion = 1.1.0;
			};
		};
/* End XCRemoteSwiftPackageReference section */

/* Begin XCSwiftPackageProductDependency section */
		AD4496E36BBF6D14D6F03386 /* ConfettiSwiftUI */ = {
			isa = XCSwiftPackageProductDependency;
			package = 355FA84546BD26482770142A /* XCRemoteSwiftPackageReference "ConfettiSwiftUI" */;
			productName = ConfettiSwiftUI;
		};
/* End XCSwiftPackageProductDependency section */
	};
	rootObject = 1C59B99352793969A12DEEEE /* Project object */;
}
