// !$*UTF8*$!
{
	archiveVersion = 1;
	classes = {
	};
	objectVersion = 46;
	objects = {

/* Begin PBXBuildFile section */
		09B50BE3777934B8783CC0CA /* WellnessReminderEngine.swift in Sources */ = {isa = PBXBuildFile; fileRef = 9E8E1D093A8510F327CA5D7B /* WellnessReminderEngine.swift */; };
		152397C21852A2C5ECA26FE8 /* TimerPhaseDisplay.swift in Sources */ = {isa = PBXBuildFile; fileRef = E8161EB0CA443108E4036C83 /* TimerPhaseDisplay.swift */; };
		177C69A9F66EF6762C5C453F /* Models.swift in Sources */ = {isa = PBXBuildFile; fileRef = 06792A2C186461B611C2F79F /* Models.swift */; };
		1922CDE18C46ECA915AC0475 /* OnboardingFlowWindowController.swift in Sources */ = {isa = PBXBuildFile; fileRef = 0CE1B2ED6310CEF5E935A6DB /* OnboardingFlowWindowController.swift */; };
		25D75065443F328144319DC3 /* libCore.a in Frameworks */ = {isa = PBXBuildFile; fileRef = E11A1047E5C7708B1C0D6E0C /* libCore.a */; };
		2AF0B527E32302D895419140 /* AppLaunchConfiguration.swift in Sources */ = {isa = PBXBuildFile; fileRef = 4CDD7D48F78DB2BB214A13E5 /* AppLaunchConfiguration.swift */; };
		40B070B534BB8079495E6DA1 /* ContextualEducationEngine.swift in Sources */ = {isa = PBXBuildFile; fileRef = DC4FF0AB29EE956651D55197 /* ContextualEducationEngine.swift */; };
		538B0931C53AB11E8C9B1EA3 /* BrewUpdateRunner.swift in Sources */ = {isa = PBXBuildFile; fileRef = 3453594189E450319A5D2DA6 /* BrewUpdateRunner.swift */; };
		55CA048C0FDBA5B8C0D5823A /* ConfettiSwiftUI in Frameworks */ = {isa = PBXBuildFile; productRef = 1D8A4A1BFBA4B4396D878D76 /* ConfettiSwiftUI */; };
		5CB6C7ECFD0D2A37D0384B8D /* LaunchAtLoginController.swift in Sources */ = {isa = PBXBuildFile; fileRef = 19FD3963FDA84C8CE6007EC9 /* LaunchAtLoginController.swift */; };
		627D0E71685817A90C99FE08 /* Cocoa.framework in Frameworks */ = {isa = PBXBuildFile; fileRef = 600071AE1DADAF78B247E105 /* Cocoa.framework */; };
		632FA714C2F7284BDB858E5D /* BreakOverlayView.swift in Sources */ = {isa = PBXBuildFile; fileRef = 8482799B3A0B4022AAEB45EC /* BreakOverlayView.swift */; };
		65B761BBBA2DBC57BC095953 /* AppEntry.swift in Sources */ = {isa = PBXBuildFile; fileRef = 67AC8874A81FA65CF938569D /* AppEntry.swift */; };
		6D91636B3B3C6BEB7A550E2C /* SettingsView.swift in Sources */ = {isa = PBXBuildFile; fileRef = CB1A2ECEE987E636395A5D0D /* SettingsView.swift */; };
		719603A6165DF349096DDC3A /* SettingsStore.swift in Sources */ = {isa = PBXBuildFile; fileRef = 5C5C25AE3454ECFD3956A4E5 /* SettingsStore.swift */; };
		78CB18049424EE536C06AD53 /* MenuBarLabelView.swift in Sources */ = {isa = PBXBuildFile; fileRef = 141077BAD543A6CC0F4C2049 /* MenuBarLabelView.swift */; };
		7F5B66346634E25634970CEE /* PopoverContentView.swift in Sources */ = {isa = PBXBuildFile; fileRef = 8FD48739A8A4391B6E47514A /* PopoverContentView.swift */; };
		80BCBD308A74ECCDF18C0575 /* ApplicationDelegate.swift in Sources */ = {isa = PBXBuildFile; fileRef = F6B3B395FBF7BA49BFD627BA /* ApplicationDelegate.swift */; };
		92CCCBCA80963754F03C73A9 /* AppWindowCoordinator.swift in Sources */ = {isa = PBXBuildFile; fileRef = 7D4CF13979E02ED045AF25C0 /* AppWindowCoordinator.swift */; };
		A1CEB4F07914273F47D5E541 /* BreakOverlayWindowController.swift in Sources */ = {isa = PBXBuildFile; fileRef = C094E99BA6BC8A98ED50F75E /* BreakOverlayWindowController.swift */; };
		B2140BBB2316812A7F40FE4A /* AppIcon.png in Resources */ = {isa = PBXBuildFile; fileRef = 5CDB9DB06FE0E95D7183A198 /* AppIcon.png */; };
		B6C9600C7DFE801714D4CA3E /* OverlayWindowHelper.swift in Sources */ = {isa = PBXBuildFile; fileRef = EBB9E80AEBA9F4326DB921D4 /* OverlayWindowHelper.swift */; };
		BF48489AC140D23AC561C08D /* WorkspaceContextProvider.swift in Sources */ = {isa = PBXBuildFile; fileRef = A5B5A6ADBA204697859CC4B4 /* WorkspaceContextProvider.swift */; };
		C1196EC689B87282FAED7555 /* AppShellTypes.swift in Sources */ = {isa = PBXBuildFile; fileRef = 9DCD617C4A7A0855B9CAD550 /* AppShellTypes.swift */; };
		C9D5F272C728C0FAC41A4CA9 /* Assets.xcassets in Resources */ = {isa = PBXBuildFile; fileRef = A18005D18D375D2BDD642A68 /* Assets.xcassets */; };
		D8E02AD964F5FBEAEFF42CE9 /* UpdateManager.swift in Sources */ = {isa = PBXBuildFile; fileRef = 605B55306AB9434A72582C58 /* UpdateManager.swift */; };
		E908D371D94A15B79472C69A /* StatusMenuView.swift in Sources */ = {isa = PBXBuildFile; fileRef = A8ECEC880AB18164BEE97121 /* StatusMenuView.swift */; };
		EEE03C1B185253CAAA3D3F59 /* SettingsWindowController.swift in Sources */ = {isa = PBXBuildFile; fileRef = D8393998F11F7CB115133A7B /* SettingsWindowController.swift */; };
		F0EDA6C28D7EE5EB8E3AE2B7 /* OnboardingFlowView.swift in Sources */ = {isa = PBXBuildFile; fileRef = 034747F35FF7690C352AD6E7 /* OnboardingFlowView.swift */; };
		F116DC7C49083B76E544691E /* AppModel.swift in Sources */ = {isa = PBXBuildFile; fileRef = 80DBCD8DA44991E1E7035D6E /* AppModel.swift */; };
		F11DA1FE0B4E262B4D00F38D /* SharedStyles.swift in Sources */ = {isa = PBXBuildFile; fileRef = E472A79683561A6355767C3E /* SharedStyles.swift */; };
		F3A2D8F77651BF0F55511B5D /* ActivityMonitor.swift in Sources */ = {isa = PBXBuildFile; fileRef = 236DDFAF337AAAA766CAFCF6 /* ActivityMonitor.swift */; };
		F406B846EC7E36502F64B7C8 /* WellnessPanelController.swift in Sources */ = {isa = PBXBuildFile; fileRef = 8A7CF66C84C19B3088395C1C /* WellnessPanelController.swift */; };
		FE86EF502BFA7447AE874E3B /* BreakScheduler.swift in Sources */ = {isa = PBXBuildFile; fileRef = DEEB8AA50C5F310641DCCFB4 /* BreakScheduler.swift */; };
/* End PBXBuildFile section */

/* Begin PBXContainerItemProxy section */
		CDDE9518FF742468F5959EF2 /* PBXContainerItemProxy */ = {
			isa = PBXContainerItemProxy;
			containerPortal = B6A4B3DD703700899677B617 /* Project object */;
			proxyType = 1;
			remoteGlobalIDString = 19AD17A4B618D1D6191DF8EA;
			remoteInfo = Core;
		};
/* End PBXContainerItemProxy section */

/* Begin PBXFileReference section */
		034747F35FF7690C352AD6E7 /* OnboardingFlowView.swift */ = {isa = PBXFileReference; includeInIndex = 1; lastKnownFileType = sourcecode.swift; path = OnboardingFlowView.swift; sourceTree = "<group>"; };
		06792A2C186461B611C2F79F /* Models.swift */ = {isa = PBXFileReference; includeInIndex = 1; lastKnownFileType = sourcecode.swift; path = Models.swift; sourceTree = "<group>"; };
		0CE1B2ED6310CEF5E935A6DB /* OnboardingFlowWindowController.swift */ = {isa = PBXFileReference; includeInIndex = 1; lastKnownFileType = sourcecode.swift; path = OnboardingFlowWindowController.swift; sourceTree = "<group>"; };
		141077BAD543A6CC0F4C2049 /* MenuBarLabelView.swift */ = {isa = PBXFileReference; includeInIndex = 1; lastKnownFileType = sourcecode.swift; path = MenuBarLabelView.swift; sourceTree = "<group>"; };
		19FD3963FDA84C8CE6007EC9 /* LaunchAtLoginController.swift */ = {isa = PBXFileReference; includeInIndex = 1; lastKnownFileType = sourcecode.swift; path = LaunchAtLoginController.swift; sourceTree = "<group>"; };
		1EA368092E31201ACA2B1C5A /* Info.plist */ = {isa = PBXFileReference; includeInIndex = 1; lastKnownFileType = text.plist.xml; path = Info.plist; sourceTree = "<group>"; };
		236DDFAF337AAAA766CAFCF6 /* ActivityMonitor.swift */ = {isa = PBXFileReference; includeInIndex = 1; lastKnownFileType = sourcecode.swift; path = ActivityMonitor.swift; sourceTree = "<group>"; };
		299D743BF5EBB3BBCB8215D8 /* generate-app-icons.sh */ = {isa = PBXFileReference; includeInIndex = 1; lastKnownFileType = text.script.sh; path = "generate-app-icons.sh"; sourceTree = "<group>"; };
		3453594189E450319A5D2DA6 /* BrewUpdateRunner.swift */ = {isa = PBXFileReference; includeInIndex = 1; lastKnownFileType = sourcecode.swift; path = BrewUpdateRunner.swift; sourceTree = "<group>"; };
		37A03F8F6518AAA85F7D1CAF /* release.sh */ = {isa = PBXFileReference; includeInIndex = 1; lastKnownFileType = text.script.sh; path = release.sh; sourceTree = "<group>"; };
		4CDD7D48F78DB2BB214A13E5 /* AppLaunchConfiguration.swift */ = {isa = PBXFileReference; includeInIndex = 1; lastKnownFileType = sourcecode.swift; path = AppLaunchConfiguration.swift; sourceTree = "<group>"; };
		5C5C25AE3454ECFD3956A4E5 /* SettingsStore.swift */ = {isa = PBXFileReference; includeInIndex = 1; lastKnownFileType = sourcecode.swift; path = SettingsStore.swift; sourceTree = "<group>"; };
		5CDB9DB06FE0E95D7183A198 /* AppIcon.png */ = {isa = PBXFileReference; includeInIndex = 1; lastKnownFileType = image.png; path = AppIcon.png; sourceTree = "<group>"; };
		600071AE1DADAF78B247E105 /* Cocoa.framework */ = {isa = PBXFileReference; lastKnownFileType = wrapper.framework; name = Cocoa.framework; path = Platforms/MacOSX.platform/Developer/SDKs/MacOSX15.0.sdk/System/Library/Frameworks/Cocoa.framework; sourceTree = DEVELOPER_DIR; };
		605B55306AB9434A72582C58 /* UpdateManager.swift */ = {isa = PBXFileReference; includeInIndex = 1; lastKnownFileType = sourcecode.swift; path = UpdateManager.swift; sourceTree = "<group>"; };
		61E791FF64773BEC22743D7F /* knook.app */ = {isa = PBXFileReference; explicitFileType = wrapper.application; includeInIndex = 0; path = knook.app; sourceTree = BUILT_PRODUCTS_DIR; };
		67AC8874A81FA65CF938569D /* AppEntry.swift */ = {isa = PBXFileReference; includeInIndex = 1; lastKnownFileType = sourcecode.swift; path = AppEntry.swift; sourceTree = "<group>"; };
		7B1503D809F0741F6DEC119E /* knook.rb */ = {isa = PBXFileReference; includeInIndex = 1; path = knook.rb; sourceTree = "<group>"; };
		7D4CF13979E02ED045AF25C0 /* AppWindowCoordinator.swift */ = {isa = PBXFileReference; includeInIndex = 1; lastKnownFileType = sourcecode.swift; path = AppWindowCoordinator.swift; sourceTree = "<group>"; };
		80DBCD8DA44991E1E7035D6E /* AppModel.swift */ = {isa = PBXFileReference; includeInIndex = 1; lastKnownFileType = sourcecode.swift; path = AppModel.swift; sourceTree = "<group>"; };
		8482799B3A0B4022AAEB45EC /* BreakOverlayView.swift */ = {isa = PBXFileReference; includeInIndex = 1; lastKnownFileType = sourcecode.swift; path = BreakOverlayView.swift; sourceTree = "<group>"; };
		86F3A4FAED2058DAEE590DEB /* generate-xcodeproj.rb */ = {isa = PBXFileReference; includeInIndex = 1; path = "generate-xcodeproj.rb"; sourceTree = "<group>"; };
		8A7CF66C84C19B3088395C1C /* WellnessPanelController.swift */ = {isa = PBXFileReference; includeInIndex = 1; lastKnownFileType = sourcecode.swift; path = WellnessPanelController.swift; sourceTree = "<group>"; };
		8FD48739A8A4391B6E47514A /* PopoverContentView.swift */ = {isa = PBXFileReference; includeInIndex = 1; lastKnownFileType = sourcecode.swift; path = PopoverContentView.swift; sourceTree = "<group>"; };
		9DCD617C4A7A0855B9CAD550 /* AppShellTypes.swift */ = {isa = PBXFileReference; includeInIndex = 1; lastKnownFileType = sourcecode.swift; path = AppShellTypes.swift; sourceTree = "<group>"; };
		9E8E1D093A8510F327CA5D7B /* WellnessReminderEngine.swift */ = {isa = PBXFileReference; includeInIndex = 1; lastKnownFileType = sourcecode.swift; path = WellnessReminderEngine.swift; sourceTree = "<group>"; };
		A18005D18D375D2BDD642A68 /* Assets.xcassets */ = {isa = PBXFileReference; includeInIndex = 1; lastKnownFileType = folder.assetcatalog; path = Assets.xcassets; sourceTree = "<group>"; };
		A5B5A6ADBA204697859CC4B4 /* WorkspaceContextProvider.swift */ = {isa = PBXFileReference; includeInIndex = 1; lastKnownFileType = sourcecode.swift; path = WorkspaceContextProvider.swift; sourceTree = "<group>"; };
		A8ECEC880AB18164BEE97121 /* StatusMenuView.swift */ = {isa = PBXFileReference; includeInIndex = 1; lastKnownFileType = sourcecode.swift; path = StatusMenuView.swift; sourceTree = "<group>"; };
		C094E99BA6BC8A98ED50F75E /* BreakOverlayWindowController.swift */ = {isa = PBXFileReference; includeInIndex = 1; lastKnownFileType = sourcecode.swift; path = BreakOverlayWindowController.swift; sourceTree = "<group>"; };
		CB1A2ECEE987E636395A5D0D /* SettingsView.swift */ = {isa = PBXFileReference; includeInIndex = 1; lastKnownFileType = sourcecode.swift; path = SettingsView.swift; sourceTree = "<group>"; };
		D8393998F11F7CB115133A7B /* SettingsWindowController.swift */ = {isa = PBXFileReference; includeInIndex = 1; lastKnownFileType = sourcecode.swift; path = SettingsWindowController.swift; sourceTree = "<group>"; };
		D938AE9E0E804B0515C76C72 /* create-dmg.sh */ = {isa = PBXFileReference; includeInIndex = 1; lastKnownFileType = text.script.sh; path = "create-dmg.sh"; sourceTree = "<group>"; };
		DC4FF0AB29EE956651D55197 /* ContextualEducationEngine.swift */ = {isa = PBXFileReference; includeInIndex = 1; lastKnownFileType = sourcecode.swift; path = ContextualEducationEngine.swift; sourceTree = "<group>"; };
		DEEB8AA50C5F310641DCCFB4 /* BreakScheduler.swift */ = {isa = PBXFileReference; includeInIndex = 1; lastKnownFileType = sourcecode.swift; path = BreakScheduler.swift; sourceTree = "<group>"; };
		E11A1047E5C7708B1C0D6E0C /* libCore.a */ = {isa = PBXFileReference; explicitFileType = archive.ar; includeInIndex = 0; path = libCore.a; sourceTree = BUILT_PRODUCTS_DIR; };
		E2D7FD74225B7EA9A5393CEF /* README.md */ = {isa = PBXFileReference; includeInIndex = 1; path = README.md; sourceTree = "<group>"; };
		E472A79683561A6355767C3E /* SharedStyles.swift */ = {isa = PBXFileReference; includeInIndex = 1; lastKnownFileType = sourcecode.swift; path = SharedStyles.swift; sourceTree = "<group>"; };
		E8161EB0CA443108E4036C83 /* TimerPhaseDisplay.swift */ = {isa = PBXFileReference; includeInIndex = 1; lastKnownFileType = sourcecode.swift; path = TimerPhaseDisplay.swift; sourceTree = "<group>"; };
		EBB9E80AEBA9F4326DB921D4 /* OverlayWindowHelper.swift */ = {isa = PBXFileReference; includeInIndex = 1; lastKnownFileType = sourcecode.swift; path = OverlayWindowHelper.swift; sourceTree = "<group>"; };
		F6B3B395FBF7BA49BFD627BA /* ApplicationDelegate.swift */ = {isa = PBXFileReference; includeInIndex = 1; lastKnownFileType = sourcecode.swift; path = ApplicationDelegate.swift; sourceTree = "<group>"; };
		FCBF4FA5C47A3889F56B17EE /* ExportOptions.plist */ = {isa = PBXFileReference; includeInIndex = 1; lastKnownFileType = text.plist.xml; path = ExportOptions.plist; sourceTree = "<group>"; };
/* End PBXFileReference section */

/* Begin PBXFrameworksBuildPhase section */
		56062576B446DA149A0FDC7D /* Frameworks */ = {
			isa = PBXFrameworksBuildPhase;
			buildActionMask = 2147483647;
			files = (
			);
			runOnlyForDeploymentPostprocessing = 0;
		};
		EB971E2FCE3A8EC073FC2E72 /* Frameworks */ = {
			isa = PBXFrameworksBuildPhase;
			buildActionMask = 2147483647;
			files = (
				627D0E71685817A90C99FE08 /* Cocoa.framework in Frameworks */,
				55CA048C0FDBA5B8C0D5823A /* ConfettiSwiftUI in Frameworks */,
				25D75065443F328144319DC3 /* libCore.a in Frameworks */,
			);
			runOnlyForDeploymentPostprocessing = 0;
		};
/* End PBXFrameworksBuildPhase section */

/* Begin PBXGroup section */
		0C2DDFFB07F55937D18F83C4 /* Casks */ = {
			isa = PBXGroup;
			children = (
				7B1503D809F0741F6DEC119E /* knook.rb */,
			);
			name = Casks;
			path = Casks;
			sourceTree = "<group>";
		};
		26E80A3D9D460C0E4FB9799A = {
			isa = PBXGroup;
			children = (
				8D2CB5A5780E8594FFE35746 /* Frameworks */,
				EC566263F54268C2A878DD1F /* packaging */,
				EAAEB6D82730F93BB7B0E8DB /* Products */,
				9CE5E3FEDC659758597588EE /* Sources */,
			);
			sourceTree = "<group>";
		};
		2725CE9FF712DB9ADEC8F1ED /* Core */ = {
			isa = PBXGroup;
			children = (
				236DDFAF337AAAA766CAFCF6 /* ActivityMonitor.swift */,
				DEEB8AA50C5F310641DCCFB4 /* BreakScheduler.swift */,
				DC4FF0AB29EE956651D55197 /* ContextualEducationEngine.swift */,
				19FD3963FDA84C8CE6007EC9 /* LaunchAtLoginController.swift */,
				06792A2C186461B611C2F79F /* Models.swift */,
				5C5C25AE3454ECFD3956A4E5 /* SettingsStore.swift */,
				9E8E1D093A8510F327CA5D7B /* WellnessReminderEngine.swift */,
				A5B5A6ADBA204697859CC4B4 /* WorkspaceContextProvider.swift */,
			);
			name = Core;
			path = Core;
			sourceTree = "<group>";
		};
		56405B94950A620B64DFECDF /* macos */ = {
			isa = PBXGroup;
			children = (
				D938AE9E0E804B0515C76C72 /* create-dmg.sh */,
				FCBF4FA5C47A3889F56B17EE /* ExportOptions.plist */,
				299D743BF5EBB3BBCB8215D8 /* generate-app-icons.sh */,
				86F3A4FAED2058DAEE590DEB /* generate-xcodeproj.rb */,
				1EA368092E31201ACA2B1C5A /* Info.plist */,
				37A03F8F6518AAA85F7D1CAF /* release.sh */,
			);
			name = macos;
			path = macos;
			sourceTree = "<group>";
		};
		7420CB676FA4604A9BFE093B /* OS X */ = {
			isa = PBXGroup;
			children = (
				600071AE1DADAF78B247E105 /* Cocoa.framework */,
			);
			name = "OS X";
			sourceTree = "<group>";
		};
		8D2CB5A5780E8594FFE35746 /* Frameworks */ = {
			isa = PBXGroup;
			children = (
				7420CB676FA4604A9BFE093B /* OS X */,
			);
			name = Frameworks;
			sourceTree = "<group>";
		};
		90232D38EC17652AF9AD12EC /* Resources */ = {
			isa = PBXGroup;
			children = (
				5CDB9DB06FE0E95D7183A198 /* AppIcon.png */,
				A18005D18D375D2BDD642A68 /* Assets.xcassets */,
			);
			name = Resources;
			path = Resources;
			sourceTree = "<group>";
		};
		9CE5E3FEDC659758597588EE /* Sources */ = {
			isa = PBXGroup;
			children = (
				B9AE828AF5A9ABA1AA2993D0 /* AppShell */,
				2725CE9FF712DB9ADEC8F1ED /* Core */,
			);
			name = Sources;
			path = Sources;
			sourceTree = SOURCE_ROOT;
		};
		A8223163D18FE6BB59B200E6 /* homebrew */ = {
			isa = PBXGroup;
			children = (
				0C2DDFFB07F55937D18F83C4 /* Casks */,
				E2D7FD74225B7EA9A5393CEF /* README.md */,
			);
			name = homebrew;
			path = homebrew;
			sourceTree = "<group>";
		};
		B9AE828AF5A9ABA1AA2993D0 /* AppShell */ = {
			isa = PBXGroup;
			children = (
				67AC8874A81FA65CF938569D /* AppEntry.swift */,
				4CDD7D48F78DB2BB214A13E5 /* AppLaunchConfiguration.swift */,
				F6B3B395FBF7BA49BFD627BA /* ApplicationDelegate.swift */,
				80DBCD8DA44991E1E7035D6E /* AppModel.swift */,
				9DCD617C4A7A0855B9CAD550 /* AppShellTypes.swift */,
				7D4CF13979E02ED045AF25C0 /* AppWindowCoordinator.swift */,
				8482799B3A0B4022AAEB45EC /* BreakOverlayView.swift */,
				C094E99BA6BC8A98ED50F75E /* BreakOverlayWindowController.swift */,
				3453594189E450319A5D2DA6 /* BrewUpdateRunner.swift */,
				141077BAD543A6CC0F4C2049 /* MenuBarLabelView.swift */,
				034747F35FF7690C352AD6E7 /* OnboardingFlowView.swift */,
				0CE1B2ED6310CEF5E935A6DB /* OnboardingFlowWindowController.swift */,
				EBB9E80AEBA9F4326DB921D4 /* OverlayWindowHelper.swift */,
				8FD48739A8A4391B6E47514A /* PopoverContentView.swift */,
				90232D38EC17652AF9AD12EC /* Resources */,
				CB1A2ECEE987E636395A5D0D /* SettingsView.swift */,
				D8393998F11F7CB115133A7B /* SettingsWindowController.swift */,
				E472A79683561A6355767C3E /* SharedStyles.swift */,
				A8ECEC880AB18164BEE97121 /* StatusMenuView.swift */,
				E8161EB0CA443108E4036C83 /* TimerPhaseDisplay.swift */,
				605B55306AB9434A72582C58 /* UpdateManager.swift */,
				8A7CF66C84C19B3088395C1C /* WellnessPanelController.swift */,
			);
			name = AppShell;
			path = AppShell;
			sourceTree = "<group>";
		};
		EAAEB6D82730F93BB7B0E8DB /* Products */ = {
			isa = PBXGroup;
			children = (
				61E791FF64773BEC22743D7F /* knook.app */,
				E11A1047E5C7708B1C0D6E0C /* libCore.a */,
			);
			name = Products;
			sourceTree = "<group>";
		};
		EC566263F54268C2A878DD1F /* packaging */ = {
			isa = PBXGroup;
			children = (
				A8223163D18FE6BB59B200E6 /* homebrew */,
				56405B94950A620B64DFECDF /* macos */,
			);
			name = packaging;
			path = packaging;
			sourceTree = SOURCE_ROOT;
		};
/* End PBXGroup section */

/* Begin PBXHeadersBuildPhase section */
		3131AE4D22FB0F17A58BE831 /* Headers */ = {
			isa = PBXHeadersBuildPhase;
			buildActionMask = 2147483647;
			files = (
			);
			runOnlyForDeploymentPostprocessing = 0;
		};
/* End PBXHeadersBuildPhase section */

/* Begin PBXNativeTarget section */
		19AD17A4B618D1D6191DF8EA /* Core */ = {
			isa = PBXNativeTarget;
			buildConfigurationList = 4891761F796C31E32FD7A4FD /* Build configuration list for PBXNativeTarget "Core" */;
			buildPhases = (
				3131AE4D22FB0F17A58BE831 /* Headers */,
				A0A58C12D3D32A311D7A4988 /* Sources */,
				56062576B446DA149A0FDC7D /* Frameworks */,
			);
			buildRules = (
			);
			dependencies = (
			);
			name = Core;
			productName = Core;
			productReference = E11A1047E5C7708B1C0D6E0C /* libCore.a */;
			productType = "com.apple.product-type.library.static";
		};
		641BD5DB71140AB7CCEC6C97 /* knook */ = {
			isa = PBXNativeTarget;
			buildConfigurationList = 6DE17AF8C8EB192B6BF1514A /* Build configuration list for PBXNativeTarget "knook" */;
			buildPhases = (
				F92B74C6DDB60917E0B03DB3 /* Sources */,
				EB971E2FCE3A8EC073FC2E72 /* Frameworks */,
				3E95C18F01E2A8D421E9819C /* Resources */,
			);
			buildRules = (
			);
			dependencies = (
				1A6E967A3F2DE11D8AF3262C /* PBXTargetDependency */,
			);
			name = knook;
			packageProductDependencies = (
				1D8A4A1BFBA4B4396D878D76 /* ConfettiSwiftUI */,
			);
			productName = knook;
			productReference = 61E791FF64773BEC22743D7F /* knook.app */;
			productType = "com.apple.product-type.application";
		};
/* End PBXNativeTarget section */

/* Begin PBXProject section */
		B6A4B3DD703700899677B617 /* Project object */ = {
			isa = PBXProject;
			attributes = {
				LastSwiftUpdateCheck = 1600;
				LastUpgradeCheck = 1600;
			};
			buildConfigurationList = 44084AF098532E7832006AB8 /* Build configuration list for PBXProject "knook" */;
			compatibilityVersion = "Xcode 3.2";
			developmentRegion = en;
			hasScannedForEncodings = 0;
			knownRegions = (
				en,
				Base,
			);
			mainGroup = 26E80A3D9D460C0E4FB9799A;
			minimizedProjectReferenceProxies = 0;
			packageReferences = (
				996981EEF69AF5179C849E69 /* XCRemoteSwiftPackageReference "ConfettiSwiftUI" */,
			);
			preferredProjectObjectVersion = 77;
			productRefGroup = EAAEB6D82730F93BB7B0E8DB /* Products */;
			projectDirPath = "";
			projectRoot = "";
			targets = (
				19AD17A4B618D1D6191DF8EA /* Core */,
				641BD5DB71140AB7CCEC6C97 /* knook */,
			);
		};
/* End PBXProject section */

/* Begin PBXResourcesBuildPhase section */
		3E95C18F01E2A8D421E9819C /* Resources */ = {
			isa = PBXResourcesBuildPhase;
			buildActionMask = 2147483647;
			files = (
				B2140BBB2316812A7F40FE4A /* AppIcon.png in Resources */,
				C9D5F272C728C0FAC41A4CA9 /* Assets.xcassets in Resources */,
			);
			runOnlyForDeploymentPostprocessing = 0;
		};
/* End PBXResourcesBuildPhase section */

/* Begin PBXSourcesBuildPhase section */
		A0A58C12D3D32A311D7A4988 /* Sources */ = {
			isa = PBXSourcesBuildPhase;
			buildActionMask = 2147483647;
			files = (
				F3A2D8F77651BF0F55511B5D /* ActivityMonitor.swift in Sources */,
				FE86EF502BFA7447AE874E3B /* BreakScheduler.swift in Sources */,
				40B070B534BB8079495E6DA1 /* ContextualEducationEngine.swift in Sources */,
				5CB6C7ECFD0D2A37D0384B8D /* LaunchAtLoginController.swift in Sources */,
				177C69A9F66EF6762C5C453F /* Models.swift in Sources */,
				719603A6165DF349096DDC3A /* SettingsStore.swift in Sources */,
				09B50BE3777934B8783CC0CA /* WellnessReminderEngine.swift in Sources */,
				BF48489AC140D23AC561C08D /* WorkspaceContextProvider.swift in Sources */,
			);
			runOnlyForDeploymentPostprocessing = 0;
		};
		F92B74C6DDB60917E0B03DB3 /* Sources */ = {
			isa = PBXSourcesBuildPhase;
			buildActionMask = 2147483647;
			files = (
				65B761BBBA2DBC57BC095953 /* AppEntry.swift in Sources */,
				2AF0B527E32302D895419140 /* AppLaunchConfiguration.swift in Sources */,
				80BCBD308A74ECCDF18C0575 /* ApplicationDelegate.swift in Sources */,
				F116DC7C49083B76E544691E /* AppModel.swift in Sources */,
				C1196EC689B87282FAED7555 /* AppShellTypes.swift in Sources */,
				92CCCBCA80963754F03C73A9 /* AppWindowCoordinator.swift in Sources */,
				632FA714C2F7284BDB858E5D /* BreakOverlayView.swift in Sources */,
				A1CEB4F07914273F47D5E541 /* BreakOverlayWindowController.swift in Sources */,
				538B0931C53AB11E8C9B1EA3 /* BrewUpdateRunner.swift in Sources */,
				78CB18049424EE536C06AD53 /* MenuBarLabelView.swift in Sources */,
				F0EDA6C28D7EE5EB8E3AE2B7 /* OnboardingFlowView.swift in Sources */,
				1922CDE18C46ECA915AC0475 /* OnboardingFlowWindowController.swift in Sources */,
				B6C9600C7DFE801714D4CA3E /* OverlayWindowHelper.swift in Sources */,
				7F5B66346634E25634970CEE /* PopoverContentView.swift in Sources */,
				6D91636B3B3C6BEB7A550E2C /* SettingsView.swift in Sources */,
				EEE03C1B185253CAAA3D3F59 /* SettingsWindowController.swift in Sources */,
				F11DA1FE0B4E262B4D00F38D /* SharedStyles.swift in Sources */,
				E908D371D94A15B79472C69A /* StatusMenuView.swift in Sources */,
				152397C21852A2C5ECA26FE8 /* TimerPhaseDisplay.swift in Sources */,
				D8E02AD964F5FBEAEFF42CE9 /* UpdateManager.swift in Sources */,
				F406B846EC7E36502F64B7C8 /* WellnessPanelController.swift in Sources */,
			);
			runOnlyForDeploymentPostprocessing = 0;
		};
/* End PBXSourcesBuildPhase section */

/* Begin PBXTargetDependency section */
		1A6E967A3F2DE11D8AF3262C /* PBXTargetDependency */ = {
			isa = PBXTargetDependency;
			name = Core;
			target = 19AD17A4B618D1D6191DF8EA /* Core */;
			targetProxy = CDDE9518FF742468F5959EF2 /* PBXContainerItemProxy */;
		};
/* End PBXTargetDependency section */

/* Begin XCBuildConfiguration section */
		0B722B5FB83CDE908C168379 /* Debug */ = {
			isa = XCBuildConfiguration;
			buildSettings = {
				DEFINES_MODULE = YES;
				EXECUTABLE_PREFIX = lib;
				MACH_O_TYPE = staticlib;
				MACOSX_DEPLOYMENT_TARGET = 13.0;
				PRODUCT_NAME = Core;
				SDKROOT = macosx;
				SKIP_INSTALL = YES;
				SWIFT_VERSION = 6.0;
			};
			name = Debug;
		};
		419910BB89C7E201A19FCD7E /* Debug */ = {
			isa = XCBuildConfiguration;
			buildSettings = {
				ALWAYS_SEARCH_USER_PATHS = NO;
				CLANG_ANALYZER_NONNULL = YES;
				CLANG_ANALYZER_NUMBER_OBJECT_CONVERSION = YES_AGGRESSIVE;
				CLANG_CXX_LANGUAGE_STANDARD = "gnu++14";
				CLANG_CXX_LIBRARY = "libc++";
				CLANG_ENABLE_MODULES = YES;
				CLANG_ENABLE_OBJC_ARC = YES;
				CLANG_ENABLE_OBJC_WEAK = YES;
				CLANG_WARN_BLOCK_CAPTURE_AUTORELEASING = YES;
				CLANG_WARN_BOOL_CONVERSION = YES;
				CLANG_WARN_COMMA = YES;
				CLANG_WARN_CONSTANT_CONVERSION = YES;
				CLANG_WARN_DEPRECATED_OBJC_IMPLEMENTATIONS = YES;
				CLANG_WARN_DIRECT_OBJC_ISA_USAGE = YES_ERROR;
				CLANG_WARN_DOCUMENTATION_COMMENTS = YES;
				CLANG_WARN_EMPTY_BODY = YES;
				CLANG_WARN_ENUM_CONVERSION = YES;
				CLANG_WARN_INFINITE_RECURSION = YES;
				CLANG_WARN_INT_CONVERSION = YES;
				CLANG_WARN_NON_LITERAL_NULL_CONVERSION = YES;
				CLANG_WARN_OBJC_IMPLICIT_RETAIN_SELF = YES;
				CLANG_WARN_OBJC_LITERAL_CONVERSION = YES;
				CLANG_WARN_OBJC_ROOT_CLASS = YES_ERROR;
				CLANG_WARN_QUOTED_INCLUDE_IN_FRAMEWORK_HEADER = YES;
				CLANG_WARN_RANGE_LOOP_ANALYSIS = YES;
				CLANG_WARN_STRICT_PROTOTYPES = YES;
				CLANG_WARN_SUSPICIOUS_MOVE = YES;
				CLANG_WARN_UNGUARDED_AVAILABILITY = YES_AGGRESSIVE;
				CLANG_WARN_UNREACHABLE_CODE = YES;
				CLANG_WARN__DUPLICATE_METHOD_MATCH = YES;
				COPY_PHASE_STRIP = NO;
				DEBUG_INFORMATION_FORMAT = dwarf;
				ENABLE_STRICT_OBJC_MSGSEND = YES;
				ENABLE_TESTABILITY = YES;
				GCC_C_LANGUAGE_STANDARD = gnu11;
				GCC_DYNAMIC_NO_PIC = NO;
				GCC_NO_COMMON_BLOCKS = YES;
				GCC_OPTIMIZATION_LEVEL = 0;
				GCC_PREPROCESSOR_DEFINITIONS = (
					"DEBUG=1",
					"$(inherited)",
				);
				GCC_WARN_64_TO_32_BIT_CONVERSION = YES;
				GCC_WARN_ABOUT_RETURN_TYPE = YES_ERROR;
				GCC_WARN_UNDECLARED_SELECTOR = YES;
				GCC_WARN_UNINITIALIZED_AUTOS = YES_AGGRESSIVE;
				GCC_WARN_UNUSED_FUNCTION = YES;
				GCC_WARN_UNUSED_VARIABLE = YES;
				MACOSX_DEPLOYMENT_TARGET = 13.0;
				MTL_ENABLE_DEBUG_INFO = INCLUDE_SOURCE;
				MTL_FAST_MATH = YES;
				ONLY_ACTIVE_ARCH = YES;
				PRODUCT_NAME = "$(TARGET_NAME)";
				SDKROOT = macosx;
				SWIFT_ACTIVE_COMPILATION_CONDITIONS = DEBUG;
				SWIFT_OPTIMIZATION_LEVEL = "-Onone";
				SWIFT_VERSION = 6.0;
			};
			name = Debug;
		};
		4421C5FB0DB0533AA67AD2E5 /* Release */ = {
			isa = XCBuildConfiguration;
			buildSettings = {
				ASSETCATALOG_COMPILER_APPICON_NAME = AppIcon;
				ASSETCATALOG_COMPILER_GLOBAL_ACCENT_COLOR_NAME = AccentColor;
				"CODE_SIGN_IDENTITY[sdk=macosx*]" = "Developer ID Application";
				CODE_SIGN_STYLE = Automatic;
				COMBINE_HIDPI_IMAGES = YES;
				CURRENT_PROJECT_VERSION = 1;
				DEVELOPMENT_TEAM = "";
				ENABLE_HARDENED_RUNTIME = YES;
				GENERATE_INFOPLIST_FILE = NO;
				INFOPLIST_FILE = packaging/macos/Info.plist;
				LD_RUNPATH_SEARCH_PATHS = "$(inherited) @executable_path/../Frameworks";
				MACOSX_DEPLOYMENT_TARGET = 13.0;
				MARKETING_VERSION = 0.1.9;
				PRODUCT_BUNDLE_IDENTIFIER = io.github.preetsuthar17.knook;
				PRODUCT_NAME = knook;
				SDKROOT = macosx;
				SWIFT_EMIT_LOC_STRINGS = YES;
				SWIFT_VERSION = 6.0;
			};
			name = Release;
		};
		90F279EA87BD7F8FCB563633 /* Debug */ = {
			isa = XCBuildConfiguration;
			buildSettings = {
				ASSETCATALOG_COMPILER_APPICON_NAME = AppIcon;
				ASSETCATALOG_COMPILER_GLOBAL_ACCENT_COLOR_NAME = AccentColor;
				"CODE_SIGN_IDENTITY[sdk=macosx*]" = "Developer ID Application";
				CODE_SIGN_STYLE = Automatic;
				COMBINE_HIDPI_IMAGES = YES;
				CURRENT_PROJECT_VERSION = 1;
				DEVELOPMENT_TEAM = "";
				ENABLE_HARDENED_RUNTIME = YES;
				GENERATE_INFOPLIST_FILE = NO;
				INFOPLIST_FILE = packaging/macos/Info.plist;
				LD_RUNPATH_SEARCH_PATHS = "$(inherited) @executable_path/../Frameworks";
				MACOSX_DEPLOYMENT_TARGET = 13.0;
				MARKETING_VERSION = 0.1.9;
				PRODUCT_BUNDLE_IDENTIFIER = io.github.preetsuthar17.knook;
				PRODUCT_NAME = knook;
				SDKROOT = macosx;
				SWIFT_EMIT_LOC_STRINGS = YES;
				SWIFT_VERSION = 6.0;
			};
			name = Debug;
		};
		DA19F185682AF7A2888F14F3 /* Release */ = {
			isa = XCBuildConfiguration;
			buildSettings = {
				DEFINES_MODULE = YES;
				EXECUTABLE_PREFIX = lib;
				MACH_O_TYPE = staticlib;
				MACOSX_DEPLOYMENT_TARGET = 13.0;
				PRODUCT_NAME = Core;
				SDKROOT = macosx;
				SKIP_INSTALL = YES;
				SWIFT_VERSION = 6.0;
			};
			name = Release;
		};
		DA693366D562987E2600FF72 /* Release */ = {
			isa = XCBuildConfiguration;
			buildSettings = {
				ALWAYS_SEARCH_USER_PATHS = NO;
				CLANG_ANALYZER_NONNULL = YES;
				CLANG_ANALYZER_NUMBER_OBJECT_CONVERSION = YES_AGGRESSIVE;
				CLANG_CXX_LANGUAGE_STANDARD = "gnu++14";
				CLANG_CXX_LIBRARY = "libc++";
				CLANG_ENABLE_MODULES = YES;
				CLANG_ENABLE_OBJC_ARC = YES;
				CLANG_ENABLE_OBJC_WEAK = YES;
				CLANG_WARN_BLOCK_CAPTURE_AUTORELEASING = YES;
				CLANG_WARN_BOOL_CONVERSION = YES;
				CLANG_WARN_COMMA = YES;
				CLANG_WARN_CONSTANT_CONVERSION = YES;
				CLANG_WARN_DEPRECATED_OBJC_IMPLEMENTATIONS = YES;
				CLANG_WARN_DIRECT_OBJC_ISA_USAGE = YES_ERROR;
				CLANG_WARN_DOCUMENTATION_COMMENTS = YES;
				CLANG_WARN_EMPTY_BODY = YES;
				CLANG_WARN_ENUM_CONVERSION = YES;
				CLANG_WARN_INFINITE_RECURSION = YES;
				CLANG_WARN_INT_CONVERSION = YES;
				CLANG_WARN_NON_LITERAL_NULL_CONVERSION = YES;
				CLANG_WARN_OBJC_IMPLICIT_RETAIN_SELF = YES;
				CLANG_WARN_OBJC_LITERAL_CONVERSION = YES;
				CLANG_WARN_OBJC_ROOT_CLASS = YES_ERROR;
				CLANG_WARN_QUOTED_INCLUDE_IN_FRAMEWORK_HEADER = YES;
				CLANG_WARN_RANGE_LOOP_ANALYSIS = YES;
				CLANG_WARN_STRICT_PROTOTYPES = YES;
				CLANG_WARN_SUSPICIOUS_MOVE = YES;
				CLANG_WARN_UNGUARDED_AVAILABILITY = YES_AGGRESSIVE;
				CLANG_WARN_UNREACHABLE_CODE = YES;
				CLANG_WARN__DUPLICATE_METHOD_MATCH = YES;
				COPY_PHASE_STRIP = NO;
				DEBUG_INFORMATION_FORMAT = "dwarf-with-dsym";
				ENABLE_NS_ASSERTIONS = NO;
				ENABLE_STRICT_OBJC_MSGSEND = YES;
				GCC_C_LANGUAGE_STANDARD = gnu11;
				GCC_NO_COMMON_BLOCKS = YES;
				GCC_WARN_64_TO_32_BIT_CONVERSION = YES;
				GCC_WARN_ABOUT_RETURN_TYPE = YES_ERROR;
				GCC_WARN_UNDECLARED_SELECTOR = YES;
				GCC_WARN_UNINITIALIZED_AUTOS = YES_AGGRESSIVE;
				GCC_WARN_UNUSED_FUNCTION = YES;
				GCC_WARN_UNUSED_VARIABLE = YES;
				MACOSX_DEPLOYMENT_TARGET = 13.0;
				MTL_ENABLE_DEBUG_INFO = NO;
				MTL_FAST_MATH = YES;
				PRODUCT_NAME = "$(TARGET_NAME)";
				SDKROOT = macosx;
				SWIFT_COMPILATION_MODE = wholemodule;
				SWIFT_OPTIMIZATION_LEVEL = "-O";
				SWIFT_VERSION = 6.0;
			};
			name = Release;
		};
/* End XCBuildConfiguration section */

/* Begin XCConfigurationList section */
		44084AF098532E7832006AB8 /* Build configuration list for PBXProject "knook" */ = {
			isa = XCConfigurationList;
			buildConfigurations = (
				419910BB89C7E201A19FCD7E /* Debug */,
				DA693366D562987E2600FF72 /* Release */,
			);
			defaultConfigurationIsVisible = 0;
			defaultConfigurationName = Release;
		};
		4891761F796C31E32FD7A4FD /* Build configuration list for PBXNativeTarget "Core" */ = {
			isa = XCConfigurationList;
			buildConfigurations = (
				0B722B5FB83CDE908C168379 /* Debug */,
				DA19F185682AF7A2888F14F3 /* Release */,
			);
			defaultConfigurationIsVisible = 0;
			defaultConfigurationName = Release;
		};
		6DE17AF8C8EB192B6BF1514A /* Build configuration list for PBXNativeTarget "knook" */ = {
			isa = XCConfigurationList;
			buildConfigurations = (
				90F279EA87BD7F8FCB563633 /* Debug */,
				4421C5FB0DB0533AA67AD2E5 /* Release */,
			);
			defaultConfigurationIsVisible = 0;
			defaultConfigurationName = Release;
		};
/* End XCConfigurationList section */

/* Begin XCRemoteSwiftPackageReference section */
		996981EEF69AF5179C849E69 /* XCRemoteSwiftPackageReference "ConfettiSwiftUI" */ = {
			isa = XCRemoteSwiftPackageReference;
			repositoryURL = "https://github.com/simibac/ConfettiSwiftUI.git";
			requirement = {
				kind = upToNextMajorVersion;
				minimumVersion = 1.1.0;
			};
		};
/* End XCRemoteSwiftPackageReference section */

/* Begin XCSwiftPackageProductDependency section */
		1D8A4A1BFBA4B4396D878D76 /* ConfettiSwiftUI */ = {
			isa = XCSwiftPackageProductDependency;
			package = 996981EEF69AF5179C849E69 /* XCRemoteSwiftPackageReference "ConfettiSwiftUI" */;
			productName = ConfettiSwiftUI;
		};
/* End XCSwiftPackageProductDependency section */
	};
	rootObject = B6A4B3DD703700899677B617 /* Project object */;
}
